
Microsoft Visual Studio Solution File, Format Version 12.00
# Visual Studio Version 16
VisualStudioVersion = 16.0.30413.136
MinimumVisualStudioVersion = 10.0.40219.1
Project("{2150E333-8FDC-42A3-9474-1A3956D46DE8}") = "2 - Application", "2 - Application", "{74B9EAE1-1416-4EC9-8D2E-5075373078D5}"
EndProject
Project("{2150E333-8FDC-42A3-9474-1A3956D46DE8}") = "3 - Domain", "3 - Domain", "{FA4CBDE4-2FC6-468B-9E80-8E97396690DA}"
EndProject
Project("{2150E333-8FDC-42A3-9474-1A3956D46DE8}") = "4 - Infra", "4 - Infra", "{B11C2E76-75DF-44D5-808B-CF926FBD47C9}"
EndProject
Project("{2150E333-8FDC-42A3-9474-1A3956D46DE8}") = "4.1 - Data", "4.1 - Data", "{AE418E4C-3AED-4F46-A4ED-3F6A26E7E3A3}"
EndProject
Project("{2150E333-8FDC-42A3-9474-1A3956D46DE8}") = "4.2 -CrossCutting", "4.2 -CrossCutting", "{BBEAE75D-5CD6-4F72-B300-6ED0EB6C653B}"
EndProject
Project("{9A19103F-16F7-4668-BE54-9A1E7A4F7556}") = "BarDoDG.Domain", "BarDoDG.Domain\BarDoDG.Domain.csproj", "{1CD119EA-8E12-4EB6-8039-4485AC64F51B}"
EndProject
Project("{9A19103F-16F7-4668-BE54-9A1E7A4F7556}") = "BarDoDG.Infra.Data", "BarDoDG.Infra.Data\BarDoDG.Infra.Data.csproj", "{0F84A9AE-6AFA-4C8B-91A0-19F131BA8F42}"
EndProject
Project("{9A19103F-16F7-4668-BE54-9A1E7A4F7556}") = "BarDoDG.Infra.CrossCutting", "BarDoDG.Infra.CrossCutting\BarDoDG.Infra.CrossCutting.csproj", "{7D835461-AA44-4D06-9970-10E3DC46C74C}"
EndProject
Project("{9A19103F-16F7-4668-BE54-9A1E7A4F7556}") = "BarDoDG.Application", "BarDoDG.Application\BarDoDG.Application.csproj", "{6164E93C-E0F9-4BEF-867F-5473E0DB3CC5}"
EndProject
Project("{2150E333-8FDC-42A3-9474-1A3956D46DE8}") = "1 - Services (API)", "1 - Services (API)", "{BC7906D7-E5EE-42F8-B1B5-A5B4D0C43B0F}"
EndProject
Project("{9A19103F-16F7-4668-BE54-9A1E7A4F7556}") = "BarDoDG.API", "BarDoDG.API\BarDoDG.API.csproj", "{6A541687-225E-4CF3-AF2B-9836B0AE29D8}"
EndProject
Project("{2150E333-8FDC-42A3-9474-1A3956D46DE8}") = "0 - Presentation", "0 - Presentation", "{0E9EB5AC-EBE3-470F-B7BF-797B773F4F9F}"
EndProject
Project("{9A19103F-16F7-4668-BE54-9A1E7A4F7556}") = "BarDoDG.WebSite", "BarDoDG.WebSite\BarDoDG.WebSite.csproj", "{5D376898-F98F-49D2-B085-B99EDF518829}"
EndProject
Project("{2150E333-8FDC-42A3-9474-1A3956D46DE8}") = "5 - Test (API)", "5 - Test (API)", "{7789CFF0-5DDF-4B48-AB5B-54DC1E0348FD}"
EndProject
Project("{FAE04EC0-301F-11D3-BF4B-00C04F79EFBC}") = "BarDoDG.Test", "BarDoDG.Test\BarDoDG.Test.csproj", "{55BE1C50-DC61-4793-B3B5-A9353EB09578}"
EndProject
Global
	GlobalSection(SolutionConfigurationPlatforms) = preSolution
		Debug|Any CPU = Debug|Any CPU
		Release|Any CPU = Release|Any CPU
	EndGlobalSection
	GlobalSection(ProjectConfigurationPlatforms) = postSolution
		{1CD119EA-8E12-4EB6-8039-4485AC64F51B}.Debug|Any CPU.ActiveCfg = Debug|Any CPU
		{1CD119EA-8E12-4EB6-8039-4485AC64F51B}.Debug|Any CPU.Build.0 = Debug|Any CPU
		{1CD119EA-8E12-4EB6-8039-4485AC64F51B}.Release|Any CPU.ActiveCfg = Release|Any CPU
		{1CD119EA-8E12-4EB6-8039-4485AC64F51B}.Release|Any CPU.Build.0 = Release|Any CPU
		{0F84A9AE-6AFA-4C8B-91A0-19F131BA8F42}.Debug|Any CPU.ActiveCfg = Debug|Any CPU
		{0F84A9AE-6AFA-4C8B-91A0-19F131BA8F42}.Debug|Any CPU.Build.0 = Debug|Any CPU
		{0F84A9AE-6AFA-4C8B-91A0-19F131BA8F42}.Release|Any CPU.ActiveCfg = Release|Any CPU
		{0F84A9AE-6AFA-4C8B-91A0-19F131BA8F42}.Release|Any CPU.Build.0 = Release|Any CPU
		{7D835461-AA44-4D06-9970-10E3DC46C74C}.Debug|Any CPU.ActiveCfg = Debug|Any CPU
		{7D835461-AA44-4D06-9970-10E3DC46C74C}.Debug|Any CPU.Build.0 = Debug|Any CPU
		{7D835461-AA44-4D06-9970-10E3DC46C74C}.Release|Any CPU.ActiveCfg = Release|Any CPU
		{7D835461-AA44-4D06-9970-10E3DC46C74C}.Release|Any CPU.Build.0 = Release|Any CPU
		{6164E93C-E0F9-4BEF-867F-5473E0DB3CC5}.Debug|Any CPU.ActiveCfg = Debug|Any CPU
		{6164E93C-E0F9-4BEF-867F-5473E0DB3CC5}.Debug|Any CPU.Build.0 = Debug|Any CPU
		{6164E93C-E0F9-4BEF-867F-5473E0DB3CC5}.Release|Any CPU.ActiveCfg = Release|Any CPU
		{6164E93C-E0F9-4BEF-867F-5473E0DB3CC5}.Release|Any CPU.Build.0 = Release|Any CPU
		{6A541687-225E-4CF3-AF2B-9836B0AE29D8}.Debug|Any CPU.ActiveCfg = Debug|Any CPU
		{6A541687-225E-4CF3-AF2B-9836B0AE29D8}.Debug|Any CPU.Build.0 = Debug|Any CPU
		{6A541687-225E-4CF3-AF2B-9836B0AE29D8}.Release|Any CPU.ActiveCfg = Release|Any CPU
		{6A541687-225E-4CF3-AF2B-9836B0AE29D8}.Release|Any CPU.Build.0 = Release|Any CPU
		{5D376898-F98F-49D2-B085-B99EDF518829}.Debug|Any CPU.ActiveCfg = Debug|Any CPU
		{5D376898-F98F-49D2-B085-B99EDF518829}.Debug|Any CPU.Build.0 = Debug|Any CPU
		{5D376898-F98F-49D2-B085-B99EDF518829}.Release|Any CPU.ActiveCfg = Release|Any CPU
		{5D376898-F98F-49D2-B085-B99EDF518829}.Release|Any CPU.Build.0 = Release|Any CPU
		{55BE1C50-DC61-4793-B3B5-A9353EB09578}.Debug|Any CPU.ActiveCfg = Debug|Any CPU
		{55BE1C50-DC61-4793-B3B5-A9353EB09578}.Debug|Any CPU.Build.0 = Debug|Any CPU
		{55BE1C50-DC61-4793-B3B5-A9353EB09578}.Release|Any CPU.ActiveCfg = Release|Any CPU
		{55BE1C50-DC61-4793-B3B5-A9353EB09578}.Release|Any CPU.Build.0 = Release|Any CPU
	EndGlobalSection
	GlobalSection(SolutionProperties) = preSolution
		HideSolutionNode = FALSE
	EndGlobalSection
	GlobalSection(NestedProjects) = preSolution
		{AE418E4C-3AED-4F46-A4ED-3F6A26E7E3A3} = {B11C2E76-75DF-44D5-808B-CF926FBD47C9}
		{BBEAE75D-5CD6-4F72-B300-6ED0EB6C653B} = {B11C2E76-75DF-44D5-808B-CF926FBD47C9}
		{1CD119EA-8E12-4EB6-8039-4485AC64F51B} = {FA4CBDE4-2FC6-468B-9E80-8E97396690DA}
		{0F84A9AE-6AFA-4C8B-91A0-19F131BA8F42} = {AE418E4C-3AED-4F46-A4ED-3F6A26E7E3A3}
		{7D835461-AA44-4D06-9970-10E3DC46C74C} = {BBEAE75D-5CD6-4F72-B300-6ED0EB6C653B}
		{6164E93C-E0F9-4BEF-867F-5473E0DB3CC5} = {74B9EAE1-1416-4EC9-8D2E-5075373078D5}
		{6A541687-225E-4CF3-AF2B-9836B0AE29D8} = {BC7906D7-E5EE-42F8-B1B5-A5B4D0C43B0F}
		{5D376898-F98F-49D2-B085-B99EDF518829} = {0E9EB5AC-EBE3-470F-B7BF-797B773F4F9F}
		{55BE1C50-DC61-4793-B3B5-A9353EB09578} = {7789CFF0-5DDF-4B48-AB5B-54DC1E0348FD}
	EndGlobalSection
	GlobalSection(ExtensibilityGlobals) = postSolution
		SolutionGuid = {397765BD-9CF3-47D1-9EA2-FCA16732AC00}
	EndGlobalSection
EndGlobal
